
Microsoft Visual Studio Solution File, Format Version 12.00
# Visual Studio Version 17
VisualStudioVersion = 17.7.34031.279
MinimumVisualStudioVersion = 10.0.40219.1
Project("{9A19103F-16F7-4668-BE54-9A1E7A4F7556}") = "PinterestApp", "PinterestApp\PinterestApp.csproj", "{287D65F2-C923-410A-BF5F-D8F4A08685A5}"
EndProject
Global
	GlobalSection(SolutionConfigurationPlatforms) = preSolution
		Debug|Any CPU = Debug|Any CPU
		Release|Any CPU = Release|Any CPU
	EndGlobalSection
	GlobalSection(ProjectConfigurationPlatforms) = postSolution
		{287D65F2-C923-410A-BF5F-D8F4A08685A5}.Debug|Any CPU.ActiveCfg = Debug|Any CPU
		{287D65F2-C923-410A-BF5F-D8F4A08685A5}.Debug|Any CPU.Build.0 = Debug|Any CPU
		{287D65F2-C923-410A-BF5F-D8F4A08685A5}.Release|Any CPU.ActiveCfg = Release|Any CPU
		{287D65F2-C923-410A-BF5F-D8F4A08685A5}.Release|Any CPU.Build.0 = Release|Any CPU
	EndGlobalSection
	GlobalSection(SolutionProperties) = preSolution
		HideSolutionNode = FALSE
	EndGlobalSection
	GlobalSection(ExtensibilityGlobals) = postSolution
		SolutionGuid = {4ADF9E31-8404-42E0-9352-49C75493FA18}
	EndGlobalSection
EndGlobal
